<Solution>
  <Folder Name="/src/">
    <Project Path="src/OmniPulse.Identity.API/OmniPulse.Identity.API.csproj" />
    <Project Path="src/BuildingBlocks/OmniPulse.BuildingBlocks.csproj" />
    <Project Path="src/OmniPulse.IoT/OmniPulse.IoT.csproj" />
    <Project Path="src/OmniPulse.Tenant/OmniPulse.Tenant.csproj" />
    <Project Path="src/OmniPulse.Workflow/OmniPulse.Workflow.csproj" />
  </Folder>
</Solution>
